
Microsoft Visual Studio Solution File, Format Version 12.00
# Visual Studio Version 17
VisualStudioVersion = 17.0.31903.59
MinimumVisualStudioVersion = 10.0.40219.1
Project("{FAE04EC0-301F-11D3-BF4B-00C04F79EFBC}") = "BowlingGame", "BowlingGame.csproj", "{2D46404A-42CD-4757-AFC0-4798A1874941}"
EndProject
Project("{FAE04EC0-301F-11D3-BF4B-00C04F79EFBC}") = "BowlingGameTest", "..\BowlingGameTest\BowlingGameTest.csproj", "{BFFCA6F6-A40F-44BD-B9C7-6BBFBDC3FAAD}"
EndProject
Global
	GlobalSection(SolutionConfigurationPlatforms) = preSolution
		Debug|Any CPU = Debug|Any CPU
		Release|Any CPU = Release|Any CPU
	EndGlobalSection
	GlobalSection(ProjectConfigurationPlatforms) = postSolution
		{2D46404A-42CD-4757-AFC0-4798A1874941}.Debug|Any CPU.ActiveCfg = Debug|Any CPU
		{2D46404A-42CD-4757-AFC0-4798A1874941}.Debug|Any CPU.Build.0 = Debug|Any CPU
		{2D46404A-42CD-4757-AFC0-4798A1874941}.Release|Any CPU.ActiveCfg = Release|Any CPU
		{2D46404A-42CD-4757-AFC0-4798A1874941}.Release|Any CPU.Build.0 = Release|Any CPU
		{BFFCA6F6-A40F-44BD-B9C7-6BBFBDC3FAAD}.Debug|Any CPU.ActiveCfg = Debug|Any CPU
		{BFFCA6F6-A40F-44BD-B9C7-6BBFBDC3FAAD}.Debug|Any CPU.Build.0 = Debug|Any CPU
		{BFFCA6F6-A40F-44BD-B9C7-6BBFBDC3FAAD}.Release|Any CPU.ActiveCfg = Release|Any CPU
		{BFFCA6F6-A40F-44BD-B9C7-6BBFBDC3FAAD}.Release|Any CPU.Build.0 = Release|Any CPU
	EndGlobalSection
	GlobalSection(SolutionProperties) = preSolution
		HideSolutionNode = FALSE
	EndGlobalSection
	GlobalSection(ExtensibilityGlobals) = postSolution
		SolutionGuid = {B931767B-91F5-41BA-82A3-6EB12FBE6A89}
	EndGlobalSection
EndGlobal
